// !$*UTF8*$!
{
	archiveVersion = 1;
	classes = {
	};
	objectVersion = 77;
	objects = {

/* Begin PBXBuildFile section */
		7D09667D2F29E83D0077C907 /* unitrack-glass.icon in Resources */ = {isa = PBXBuildFile; fileRef = 7D09667C2F29E83D0077C907 /* unitrack-glass.icon */; };
		7D200C712F3A69FA00C1D040 /* RevenueCat in Frameworks */ = {isa = PBXBuildFile; productRef = 7D200C702F3A69FA00C1D040 /* RevenueCat */; };
		7D200C732F3A69FA00C1D040 /* RevenueCatUI in Frameworks */ = {isa = PBXBuildFile; productRef = 7D200C722F3A69FA00C1D040 /* RevenueCatUI */; };
		7D86D77E2F3047EA00F7F553 /* RiveRuntime in Frameworks */ = {isa = PBXBuildFile; productRef = 7D86D77D2F3047EA00F7F553 /* RiveRuntime */; };
		7D90E1822F3E91CF009A97B0 /* LinkKit in Frameworks */ = {isa = PBXBuildFile; productRef = 7D90E1812F3E91CF009A97B0 /* LinkKit */; };
		7DCF83D32F3B0D4A00D532D5 /* Secrets.xcconfig in Resources */ = {isa = PBXBuildFile; fileRef = 7DCF83D22F3B0D4A00D532D5 /* Secrets.xcconfig */; };
		7DCF83DE2F3B152E00D532D5 /* GoogleGenerativeAI in Frameworks */ = {isa = PBXBuildFile; productRef = 7DCF83DD2F3B152E00D532D5 /* GoogleGenerativeAI */; };
/* End PBXBuildFile section */

/* Begin PBXContainerItemProxy section */
		7D5A2AA62F29CA8900D7BEAD /* PBXContainerItemProxy */ = {
			isa = PBXContainerItemProxy;
			containerPortal = 7D5A2A8C2F29CA8400D7BEAD /* Project object */;
			proxyType = 1;
			remoteGlobalIDString = 7D5A2A932F29CA8400D7BEAD;
			remoteInfo = Unitrack;
		};
		7D5A2AB02F29CA8900D7BEAD /* PBXContainerItemProxy */ = {
			isa = PBXContainerItemProxy;
			containerPortal = 7D5A2A8C2F29CA8400D7BEAD /* Project object */;
			proxyType = 1;
			remoteGlobalIDString = 7D5A2A932F29CA8400D7BEAD;
			remoteInfo = Unitrack;
		};
/* End PBXContainerItemProxy section */

/* Begin PBXFileReference section */
		7D09667C2F29E83D0077C907 /* unitrack-glass.icon */ = {isa = PBXFileReference; lastKnownFileType = folder.iconcomposer.icon; path = "unitrack-glass.icon"; sourceTree = "<group>"; };
		7D5A2A942F29CA8400D7BEAD /* Unitrack.app */ = {isa = PBXFileReference; explicitFileType = wrapper.application; includeInIndex = 0; path = Unitrack.app; sourceTree = BUILT_PRODUCTS_DIR; };
		7D5A2AA52F29CA8900D7BEAD /* UnitrackTests.xctest */ = {isa = PBXFileReference; explicitFileType = wrapper.cfbundle; includeInIndex = 0; path = UnitrackTests.xctest; sourceTree = BUILT_PRODUCTS_DIR; };
		7D5A2AAF2F29CA8900D7BEAD /* UnitrackUITests.xctest */ = {isa = PBXFileReference; explicitFileType = wrapper.cfbundle; includeInIndex = 0; path = UnitrackUITests.xctest; sourceTree = BUILT_PRODUCTS_DIR; };
		7DCF83D22F3B0D4A00D532D5 /* Secrets.xcconfig */ = {isa = PBXFileReference; lastKnownFileType = text.xcconfig; path = Secrets.xcconfig; sourceTree = "<group>"; };
/* End PBXFileReference section */

/* Begin PBXFileSystemSynchronizedBuildFileExceptionSet section */
		7D5A2AB72F29CA8900D7BEAD /* Exceptions for "Unitrack" folder in "Unitrack" target */ = {
			isa = PBXFileSystemSynchronizedBuildFileExceptionSet;
			membershipExceptions = (
				Info.plist,
			);
			target = 7D5A2A932F29CA8400D7BEAD /* Unitrack */;
		};
/* End PBXFileSystemSynchronizedBuildFileExceptionSet section */

/* Begin PBXFileSystemSynchronizedRootGroup section */
		7D5A2A962F29CA8400D7BEAD /* Unitrack */ = {
			isa = PBXFileSystemSynchronizedRootGroup;
			exceptions = (
				7D5A2AB72F29CA8900D7BEAD /* Exceptions for "Unitrack" folder in "Unitrack" target */,
			);
			path = Unitrack;
			sourceTree = "<group>";
		};
		7D5A2AA82F29CA8900D7BEAD /* UnitrackTests */ = {
			isa = PBXFileSystemSynchronizedRootGroup;
			path = UnitrackTests;
			sourceTree = "<group>";
		};
		7D5A2AB22F29CA8900D7BEAD /* UnitrackUITests */ = {
			isa = PBXFileSystemSynchronizedRootGroup;
			path = UnitrackUITests;
			sourceTree = "<group>";
		};
/* End PBXFileSystemSynchronizedRootGroup section */

/* Begin PBXFrameworksBuildPhase section */
		7D5A2A912F29CA8400D7BEAD /* Frameworks */ = {
			isa = PBXFrameworksBuildPhase;
			buildActionMask = 2147483647;
			files = (
				7D200C732F3A69FA00C1D040 /* RevenueCatUI in Frameworks */,
				7D86D77E2F3047EA00F7F553 /* RiveRuntime in Frameworks */,
				7D200C712F3A69FA00C1D040 /* RevenueCat in Frameworks */,
				7DCF83DE2F3B152E00D532D5 /* GoogleGenerativeAI in Frameworks */,
				7D90E1822F3E91CF009A97B0 /* LinkKit in Frameworks */,
			);
			runOnlyForDeploymentPostprocessing = 0;
		};
		7D5A2AA22F29CA8900D7BEAD /* Frameworks */ = {
			isa = PBXFrameworksBuildPhase;
			buildActionMask = 2147483647;
			files = (
			);
			runOnlyForDeploymentPostprocessing = 0;
		};
		7D5A2AAC2F29CA8900D7BEAD /* Frameworks */ = {
			isa = PBXFrameworksBuildPhase;
			buildActionMask = 2147483647;
			files = (
			);
			runOnlyForDeploymentPostprocessing = 0;
		};
/* End PBXFrameworksBuildPhase section */

/* Begin PBXGroup section */
		7D5A2A8B2F29CA8400D7BEAD = {
			isa = PBXGroup;
			children = (
				7D5A2A962F29CA8400D7BEAD /* Unitrack */,
				7D5A2AA82F29CA8900D7BEAD /* UnitrackTests */,
				7D5A2AB22F29CA8900D7BEAD /* UnitrackUITests */,
				7D5A2A952F29CA8400D7BEAD /* Products */,
				7D09667C2F29E83D0077C907 /* unitrack-glass.icon */,
				7DCF83D22F3B0D4A00D532D5 /* Secrets.xcconfig */,
			);
			sourceTree = "<group>";
		};
		7D5A2A952F29CA8400D7BEAD /* Products */ = {
			isa = PBXGroup;
			children = (
				7D5A2A942F29CA8400D7BEAD /* Unitrack.app */,
				7D5A2AA52F29CA8900D7BEAD /* UnitrackTests.xctest */,
				7D5A2AAF2F29CA8900D7BEAD /* UnitrackUITests.xctest */,
			);
			name = Products;
			sourceTree = "<group>";
		};
/* End PBXGroup section */

/* Begin PBXNativeTarget section */
		7D5A2A932F29CA8400D7BEAD /* Unitrack */ = {
			isa = PBXNativeTarget;
			buildConfigurationList = 7D5A2AB82F29CA8900D7BEAD /* Build configuration list for PBXNativeTarget "Unitrack" */;
			buildPhases = (
				7D5A2A902F29CA8400D7BEAD /* Sources */,
				7D5A2A912F29CA8400D7BEAD /* Frameworks */,
				7D5A2A922F29CA8400D7BEAD /* Resources */,
			);
			buildRules = (
			);
			dependencies = (
			);
			fileSystemSynchronizedGroups = (
				7D5A2A962F29CA8400D7BEAD /* Unitrack */,
			);
			name = Unitrack;
			packageProductDependencies = (
				7D86D77D2F3047EA00F7F553 /* RiveRuntime */,
				7D200C702F3A69FA00C1D040 /* RevenueCat */,
				7D200C722F3A69FA00C1D040 /* RevenueCatUI */,
				7DCF83DD2F3B152E00D532D5 /* GoogleGenerativeAI */,
				7D90E1812F3E91CF009A97B0 /* LinkKit */,
			);
			productName = Unitrack;
			productReference = 7D5A2A942F29CA8400D7BEAD /* Unitrack.app */;
			productType = "com.apple.product-type.application";
		};
		7D5A2AA42F29CA8900D7BEAD /* UnitrackTests */ = {
			isa = PBXNativeTarget;
			buildConfigurationList = 7D5A2ABD2F29CA8900D7BEAD /* Build configuration list for PBXNativeTarget "UnitrackTests" */;
			buildPhases = (
				7D5A2AA12F29CA8900D7BEAD /* Sources */,
				7D5A2AA22F29CA8900D7BEAD /* Frameworks */,
				7D5A2AA32F29CA8900D7BEAD /* Resources */,
			);
			buildRules = (
			);
			dependencies = (
				7D5A2AA72F29CA8900D7BEAD /* PBXTargetDependency */,
			);
			fileSystemSynchronizedGroups = (
				7D5A2AA82F29CA8900D7BEAD /* UnitrackTests */,
			);
			name = UnitrackTests;
			packageProductDependencies = (
			);
			productName = UnitrackTests;
			productReference = 7D5A2AA52F29CA8900D7BEAD /* UnitrackTests.xctest */;
			productType = "com.apple.product-type.bundle.unit-test";
		};
		7D5A2AAE2F29CA8900D7BEAD /* UnitrackUITests */ = {
			isa = PBXNativeTarget;
			buildConfigurationList = 7D5A2AC02F29CA8900D7BEAD /* Build configuration list for PBXNativeTarget "UnitrackUITests" */;
			buildPhases = (
				7D5A2AAB2F29CA8900D7BEAD /* Sources */,
				7D5A2AAC2F29CA8900D7BEAD /* Frameworks */,
				7D5A2AAD2F29CA8900D7BEAD /* Resources */,
			);
			buildRules = (
			);
			dependencies = (
				7D5A2AB12F29CA8900D7BEAD /* PBXTargetDependency */,
			);
			fileSystemSynchronizedGroups = (
				7D5A2AB22F29CA8900D7BEAD /* UnitrackUITests */,
			);
			name = UnitrackUITests;
			packageProductDependencies = (
			);
			productName = UnitrackUITests;
			productReference = 7D5A2AAF2F29CA8900D7BEAD /* UnitrackUITests.xctest */;
			productType = "com.apple.product-type.bundle.ui-testing";
		};
/* End PBXNativeTarget section */

/* Begin PBXProject section */
		7D5A2A8C2F29CA8400D7BEAD /* Project object */ = {
			isa = PBXProject;
			attributes = {
				BuildIndependentTargetsInParallel = 1;
				LastSwiftUpdateCheck = 2620;
				LastUpgradeCheck = 2620;
				TargetAttributes = {
					7D5A2A932F29CA8400D7BEAD = {
						CreatedOnToolsVersion = 26.2;
					};
					7D5A2AA42F29CA8900D7BEAD = {
						CreatedOnToolsVersion = 26.2;
						TestTargetID = 7D5A2A932F29CA8400D7BEAD;
					};
					7D5A2AAE2F29CA8900D7BEAD = {
						CreatedOnToolsVersion = 26.2;
						TestTargetID = 7D5A2A932F29CA8400D7BEAD;
					};
				};
			};
			buildConfigurationList = 7D5A2A8F2F29CA8400D7BEAD /* Build configuration list for PBXProject "Unitrack" */;
			developmentRegion = en;
			hasScannedForEncodings = 0;
			knownRegions = (
				en,
				Base,
			);
			mainGroup = 7D5A2A8B2F29CA8400D7BEAD;
			minimizedProjectReferenceProxies = 1;
			packageReferences = (
				7D86D77C2F3047EA00F7F553 /* XCRemoteSwiftPackageReference "rive-ios" */,
				7D200C6D2F3A69FA00C1D040 /* XCRemoteSwiftPackageReference "purchases-ios-spm" */,
				7DCF83DC2F3B152E00D532D5 /* XCRemoteSwiftPackageReference "generative-ai-swift" */,
				7D90E1802F3E91CF009A97B0 /* XCRemoteSwiftPackageReference "plaid-link-ios-spm" */,
			);
			preferredProjectObjectVersion = 77;
			productRefGroup = 7D5A2A952F29CA8400D7BEAD /* Products */;
			projectDirPath = "";
			projectRoot = "";
			targets = (
				7D5A2A932F29CA8400D7BEAD /* Unitrack */,
				7D5A2AA42F29CA8900D7BEAD /* UnitrackTests */,
				7D5A2AAE2F29CA8900D7BEAD /* UnitrackUITests */,
			);
		};
/* End PBXProject section */

/* Begin PBXResourcesBuildPhase section */
		7D5A2A922F29CA8400D7BEAD /* Resources */ = {
			isa = PBXResourcesBuildPhase;
			buildActionMask = 2147483647;
			files = (
				7DCF83D32F3B0D4A00D532D5 /* Secrets.xcconfig in Resources */,
				7D09667D2F29E83D0077C907 /* unitrack-glass.icon in Resources */,
			);
			runOnlyForDeploymentPostprocessing = 0;
		};
		7D5A2AA32F29CA8900D7BEAD /* Resources */ = {
			isa = PBXResourcesBuildPhase;
			buildActionMask = 2147483647;
			files = (
			);
			runOnlyForDeploymentPostprocessing = 0;
		};
		7D5A2AAD2F29CA8900D7BEAD /* Resources */ = {
			isa = PBXResourcesBuildPhase;
			buildActionMask = 2147483647;
			files = (
			);
			runOnlyForDeploymentPostprocessing = 0;
		};
/* End PBXResourcesBuildPhase section */

/* Begin PBXSourcesBuildPhase section */
		7D5A2A902F29CA8400D7BEAD /* Sources */ = {
			isa = PBXSourcesBuildPhase;
			buildActionMask = 2147483647;
			files = (
			);
			runOnlyForDeploymentPostprocessing = 0;
		};
		7D5A2AA12F29CA8900D7BEAD /* Sources */ = {
			isa = PBXSourcesBuildPhase;
			buildActionMask = 2147483647;
			files = (
			);
			runOnlyForDeploymentPostprocessing = 0;
		};
		7D5A2AAB2F29CA8900D7BEAD /* Sources */ = {
			isa = PBXSourcesBuildPhase;
			buildActionMask = 2147483647;
			files = (
			);
			runOnlyForDeploymentPostprocessing = 0;
		};
/* End PBXSourcesBuildPhase section */

/* Begin PBXTargetDependency section */
		7D5A2AA72F29CA8900D7BEAD /* PBXTargetDependency */ = {
			isa = PBXTargetDependency;
			target = 7D5A2A932F29CA8400D7BEAD /* Unitrack */;
			targetProxy = 7D5A2AA62F29CA8900D7BEAD /* PBXContainerItemProxy */;
		};
		7D5A2AB12F29CA8900D7BEAD /* PBXTargetDependency */ = {
			isa = PBXTargetDependency;
			target = 7D5A2A932F29CA8400D7BEAD /* Unitrack */;
			targetProxy = 7D5A2AB02F29CA8900D7BEAD /* PBXContainerItemProxy */;
		};
/* End PBXTargetDependency section */

/* Begin XCBuildConfiguration section */
		7D5A2AB92F29CA8900D7BEAD /* Debug */ = {
			isa = XCBuildConfiguration;
			baseConfigurationReference = 7DCF83D22F3B0D4A00D532D5 /* Secrets.xcconfig */;
			buildSettings = {
				ASSETCATALOG_COMPILER_APPICON_NAME = "unitrack-glass";
				ASSETCATALOG_COMPILER_GLOBAL_ACCENT_COLOR_NAME = AccentColor;
				CODE_SIGN_ENTITLEMENTS = Unitrack/UnitrackDebug.entitlements;
				CODE_SIGN_STYLE = Automatic;
				CURRENT_PROJECT_VERSION = 1;
				DEVELOPMENT_TEAM = SLW4AYR9F2;
				ENABLE_PREVIEWS = YES;
				GENERATE_INFOPLIST_FILE = YES;
				INFOPLIST_FILE = Unitrack/Info.plist;
				INFOPLIST_KEY_NSFaceIDUsageDescription = Authentication;
				INFOPLIST_KEY_UIApplicationSceneManifest_Generation = YES;
				INFOPLIST_KEY_UIApplicationSupportsIndirectInputEvents = YES;
				INFOPLIST_KEY_UILaunchScreen_Generation = YES;
				INFOPLIST_KEY_UISupportedInterfaceOrientations_iPad = "UIInterfaceOrientationPortrait UIInterfaceOrientationPortraitUpsideDown UIInterfaceOrientationLandscapeLeft UIInterfaceOrientationLandscapeRight";
				INFOPLIST_KEY_UISupportedInterfaceOrientations_iPhone = "UIInterfaceOrientationPortrait UIInterfaceOrientationLandscapeLeft UIInterfaceOrientationLandscapeRight";
				LD_RUNPATH_SEARCH_PATHS = (
					"$(inherited)",
					"@executable_path/Frameworks",
				);
				MARKETING_VERSION = 1.0;
				PRODUCT_BUNDLE_IDENTIFIER = dev.sylusabel.Unitrack;
				PRODUCT_NAME = "$(TARGET_NAME)";
				STRING_CATALOG_GENERATE_SYMBOLS = YES;
				SWIFT_APPROACHABLE_CONCURRENCY = YES;
				SWIFT_DEFAULT_ACTOR_ISOLATION = MainActor;
				SWIFT_EMIT_LOC_STRINGS = YES;
				SWIFT_UPCOMING_FEATURE_MEMBER_IMPORT_VISIBILITY = YES;
				SWIFT_VERSION = 5.0;
				TARGETED_DEVICE_FAMILY = "1,2";
			};
			name = Debug;
		};
		7D5A2ABA2F29CA8900D7BEAD /* Release */ = {
			isa = XCBuildConfiguration;
			buildSettings = {
				ASSETCATALOG_COMPILER_APPICON_NAME = "unitrack-glass";
				ASSETCATALOG_COMPILER_GLOBAL_ACCENT_COLOR_NAME = AccentColor;
				CODE_SIGN_ENTITLEMENTS = Unitrack/Unitrack.entitlements;
				CODE_SIGN_STYLE = Automatic;
				CURRENT_PROJECT_VERSION = 1;
				DEVELOPMENT_TEAM = SLW4AYR9F2;
				ENABLE_PREVIEWS = YES;
				GENERATE_INFOPLIST_FILE = YES;
				INFOPLIST_FILE = Unitrack/Info.plist;
				INFOPLIST_KEY_NSFaceIDUsageDescription = Authentication;
				INFOPLIST_KEY_UIApplicationSceneManifest_Generation = YES;
				INFOPLIST_KEY_UIApplicationSupportsIndirectInputEvents = YES;
				INFOPLIST_KEY_UILaunchScreen_Generation = YES;
				INFOPLIST_KEY_UISupportedInterfaceOrientations_iPad = "UIInterfaceOrientationPortrait UIInterfaceOrientationPortraitUpsideDown UIInterfaceOrientationLandscapeLeft UIInterfaceOrientationLandscapeRight";
				INFOPLIST_KEY_UISupportedInterfaceOrientations_iPhone = "UIInterfaceOrientationPortrait UIInterfaceOrientationLandscapeLeft UIInterfaceOrientationLandscapeRight";
				LD_RUNPATH_SEARCH_PATHS = (
					"$(inherited)",
					"@executable_path/Frameworks",
				);
				MARKETING_VERSION = 1.0;
				PRODUCT_BUNDLE_IDENTIFIER = dev.sylusabel.Unitrack;
				PRODUCT_NAME = "$(TARGET_NAME)";
				STRING_CATALOG_GENERATE_SYMBOLS = YES;
				SWIFT_APPROACHABLE_CONCURRENCY = YES;
				SWIFT_DEFAULT_ACTOR_ISOLATION = MainActor;
				SWIFT_EMIT_LOC_STRINGS = YES;
				SWIFT_UPCOMING_FEATURE_MEMBER_IMPORT_VISIBILITY = YES;
				SWIFT_VERSION = 5.0;
				TARGETED_DEVICE_FAMILY = "1,2";
			};
			name = Release;
		};
		7D5A2ABB2F29CA8900D7BEAD /* Debug */ = {
			isa = XCBuildConfiguration;
			baseConfigurationReference = 7DCF83D22F3B0D4A00D532D5 /* Secrets.xcconfig */;
			buildSettings = {
				ALWAYS_SEARCH_USER_PATHS = NO;
				ASSETCATALOG_COMPILER_GENERATE_SWIFT_ASSET_SYMBOL_EXTENSIONS = YES;
				CLANG_ANALYZER_NONNULL = YES;
				CLANG_ANALYZER_NUMBER_OBJECT_CONVERSION = YES_AGGRESSIVE;
				CLANG_CXX_LANGUAGE_STANDARD = "gnu++20";
				CLANG_ENABLE_MODULES = YES;
				CLANG_ENABLE_OBJC_ARC = YES;
				CLANG_ENABLE_OBJC_WEAK = YES;
				CLANG_WARN_BLOCK_CAPTURE_AUTORELEASING = YES;
				CLANG_WARN_BOOL_CONVERSION = YES;
				CLANG_WARN_COMMA = YES;
				CLANG_WARN_CONSTANT_CONVERSION = YES;
				CLANG_WARN_DEPRECATED_OBJC_IMPLEMENTATIONS = YES;
				CLANG_WARN_DIRECT_OBJC_ISA_USAGE = YES_ERROR;
				CLANG_WARN_DOCUMENTATION_COMMENTS = YES;
				CLANG_WARN_EMPTY_BODY = YES;
				CLANG_WARN_ENUM_CONVERSION = YES;
				CLANG_WARN_INFINITE_RECURSION = YES;
				CLANG_WARN_INT_CONVERSION = YES;
				CLANG_WARN_NON_LITERAL_NULL_CONVERSION = YES;
				CLANG_WARN_OBJC_IMPLICIT_RETAIN_SELF = YES;
				CLANG_WARN_OBJC_LITERAL_CONVERSION = YES;
				CLANG_WARN_OBJC_ROOT_CLASS = YES_ERROR;
				CLANG_WARN_QUOTED_INCLUDE_IN_FRAMEWORK_HEADER = YES;
				CLANG_WARN_RANGE_LOOP_ANALYSIS = YES;
				CLANG_WARN_STRICT_PROTOTYPES = YES;
				CLANG_WARN_SUSPICIOUS_MOVE = YES;
				CLANG_WARN_UNGUARDED_AVAILABILITY = YES_AGGRESSIVE;
				CLANG_WARN_UNREACHABLE_CODE = YES;
				CLANG_WARN__DUPLICATE_METHOD_MATCH = YES;
				COPY_PHASE_STRIP = NO;
				DEBUG_INFORMATION_FORMAT = dwarf;
				ENABLE_STRICT_OBJC_MSGSEND = YES;
				ENABLE_TESTABILITY = YES;
				ENABLE_USER_SCRIPT_SANDBOXING = YES;
				GCC_C_LANGUAGE_STANDARD = gnu17;
				GCC_DYNAMIC_NO_PIC = NO;
				GCC_NO_COMMON_BLOCKS = YES;
				GCC_OPTIMIZATION_LEVEL = 0;
				GCC_PREPROCESSOR_DEFINITIONS = (
					"DEBUG=1",
					"$(inherited)",
				);
				GCC_WARN_64_TO_32_BIT_CONVERSION = YES;
				GCC_WARN_ABOUT_RETURN_TYPE = YES_ERROR;
				GCC_WARN_UNDECLARED_SELECTOR = YES;
				GCC_WARN_UNINITIALIZED_AUTOS = YES_AGGRESSIVE;
				GCC_WARN_UNUSED_FUNCTION = YES;
				GCC_WARN_UNUSED_VARIABLE = YES;
				IPHONEOS_DEPLOYMENT_TARGET = 26.2;
				LOCALIZATION_PREFERS_STRING_CATALOGS = YES;
				MTL_ENABLE_DEBUG_INFO = INCLUDE_SOURCE;
				MTL_FAST_MATH = YES;
				ONLY_ACTIVE_ARCH = YES;
				SDKROOT = iphoneos;
				SWIFT_ACTIVE_COMPILATION_CONDITIONS = "DEBUG $(inherited)";
				SWIFT_OPTIMIZATION_LEVEL = "-Onone";
			};
			name = Debug;
		};
		7D5A2ABC2F29CA8900D7BEAD /* Release */ = {
			isa = XCBuildConfiguration;
			buildSettings = {
				ALWAYS_SEARCH_USER_PATHS = NO;
				ASSETCATALOG_COMPILER_GENERATE_SWIFT_ASSET_SYMBOL_EXTENSIONS = YES;
				CLANG_ANALYZER_NONNULL = YES;
				CLANG_ANALYZER_NUMBER_OBJECT_CONVERSION = YES_AGGRESSIVE;
				CLANG_CXX_LANGUAGE_STANDARD = "gnu++20";
				CLANG_ENABLE_MODULES = YES;
				CLANG_ENABLE_OBJC_ARC = YES;
				CLANG_ENABLE_OBJC_WEAK = YES;
				CLANG_WARN_BLOCK_CAPTURE_AUTORELEASING = YES;
				CLANG_WARN_BOOL_CONVERSION = YES;
				CLANG_WARN_COMMA = YES;
				CLANG_WARN_CONSTANT_CONVERSION = YES;
				CLANG_WARN_DEPRECATED_OBJC_IMPLEMENTATIONS = YES;
				CLANG_WARN_DIRECT_OBJC_ISA_USAGE = YES_ERROR;
				CLANG_WARN_DOCUMENTATION_COMMENTS = YES;
				CLANG_WARN_EMPTY_BODY = YES;
				CLANG_WARN_ENUM_CONVERSION = YES;
				CLANG_WARN_INFINITE_RECURSION = YES;
				CLANG_WARN_INT_CONVERSION = YES;
				CLANG_WARN_NON_LITERAL_NULL_CONVERSION = YES;
				CLANG_WARN_OBJC_IMPLICIT_RETAIN_SELF = YES;
				CLANG_WARN_OBJC_LITERAL_CONVERSION = YES;
				CLANG_WARN_OBJC_ROOT_CLASS = YES_ERROR;
				CLANG_WARN_QUOTED_INCLUDE_IN_FRAMEWORK_HEADER = YES;
				CLANG_WARN_RANGE_LOOP_ANALYSIS = YES;
				CLANG_WARN_STRICT_PROTOTYPES = YES;
				CLANG_WARN_SUSPICIOUS_MOVE = YES;
				CLANG_WARN_UNGUARDED_AVAILABILITY = YES_AGGRESSIVE;
				CLANG_WARN_UNREACHABLE_CODE = YES;
				CLANG_WARN__DUPLICATE_METHOD_MATCH = YES;
				COPY_PHASE_STRIP = NO;
				DEBUG_INFORMATION_FORMAT = "dwarf-with-dsym";
				ENABLE_NS_ASSERTIONS = NO;
				ENABLE_STRICT_OBJC_MSGSEND = YES;
				ENABLE_USER_SCRIPT_SANDBOXING = YES;
				GCC_C_LANGUAGE_STANDARD = gnu17;
				GCC_NO_COMMON_BLOCKS = YES;
				GCC_WARN_64_TO_32_BIT_CONVERSION = YES;
				GCC_WARN_ABOUT_RETURN_TYPE = YES_ERROR;
				GCC_WARN_UNDECLARED_SELECTOR = YES;
				GCC_WARN_UNINITIALIZED_AUTOS = YES_AGGRESSIVE;
				GCC_WARN_UNUSED_FUNCTION = YES;
				GCC_WARN_UNUSED_VARIABLE = YES;
				IPHONEOS_DEPLOYMENT_TARGET = 26.2;
				LOCALIZATION_PREFERS_STRING_CATALOGS = YES;
				MTL_ENABLE_DEBUG_INFO = NO;
				MTL_FAST_MATH = YES;
				SDKROOT = iphoneos;
				SWIFT_COMPILATION_MODE = wholemodule;
				VALIDATE_PRODUCT = YES;
			};
			name = Release;
		};
		7D5A2ABE2F29CA8900D7BEAD /* Debug */ = {
			isa = XCBuildConfiguration;
			baseConfigurationReference = 7DCF83D22F3B0D4A00D532D5 /* Secrets.xcconfig */;
			buildSettings = {
				BUNDLE_LOADER = "$(TEST_HOST)";
				CODE_SIGN_STYLE = Automatic;
				CURRENT_PROJECT_VERSION = 1;
				GENERATE_INFOPLIST_FILE = YES;
				IPHONEOS_DEPLOYMENT_TARGET = 26.2;
				MARKETING_VERSION = 1.0;
				PRODUCT_BUNDLE_IDENTIFIER = com.sylusabel.UnitrackTests;
				PRODUCT_NAME = "$(TARGET_NAME)";
				STRING_CATALOG_GENERATE_SYMBOLS = NO;
				SWIFT_APPROACHABLE_CONCURRENCY = YES;
				SWIFT_EMIT_LOC_STRINGS = NO;
				SWIFT_UPCOMING_FEATURE_MEMBER_IMPORT_VISIBILITY = YES;
				SWIFT_VERSION = 5.0;
				TARGETED_DEVICE_FAMILY = "1,2";
				TEST_HOST = "$(BUILT_PRODUCTS_DIR)/Unitrack.app/$(BUNDLE_EXECUTABLE_FOLDER_PATH)/Unitrack";
			};
			name = Debug;
		};
		7D5A2ABF2F29CA8900D7BEAD /* Release */ = {
			isa = XCBuildConfiguration;
			buildSettings = {
				BUNDLE_LOADER = "$(TEST_HOST)";
				CODE_SIGN_STYLE = Automatic;
				CURRENT_PROJECT_VERSION = 1;
				GENERATE_INFOPLIST_FILE = YES;
				IPHONEOS_DEPLOYMENT_TARGET = 26.2;
				MARKETING_VERSION = 1.0;
				PRODUCT_BUNDLE_IDENTIFIER = com.sylusabel.UnitrackTests;
				PRODUCT_NAME = "$(TARGET_NAME)";
				STRING_CATALOG_GENERATE_SYMBOLS = NO;
				SWIFT_APPROACHABLE_CONCURRENCY = YES;
				SWIFT_EMIT_LOC_STRINGS = NO;
				SWIFT_UPCOMING_FEATURE_MEMBER_IMPORT_VISIBILITY = YES;
				SWIFT_VERSION = 5.0;
				TARGETED_DEVICE_FAMILY = "1,2";
				TEST_HOST = "$(BUILT_PRODUCTS_DIR)/Unitrack.app/$(BUNDLE_EXECUTABLE_FOLDER_PATH)/Unitrack";
			};
			name = Release;
		};
		7D5A2AC12F29CA8900D7BEAD /* Debug */ = {
			isa = XCBuildConfiguration;
			baseConfigurationReference = 7DCF83D22F3B0D4A00D532D5 /* Secrets.xcconfig */;
			buildSettings = {
				CODE_SIGN_STYLE = Automatic;
				CURRENT_PROJECT_VERSION = 1;
				GENERATE_INFOPLIST_FILE = YES;
				MARKETING_VERSION = 1.0;
				PRODUCT_BUNDLE_IDENTIFIER = com.sylusabel.UnitrackUITests;
				PRODUCT_NAME = "$(TARGET_NAME)";
				STRING_CATALOG_GENERATE_SYMBOLS = NO;
				SWIFT_APPROACHABLE_CONCURRENCY = YES;
				SWIFT_EMIT_LOC_STRINGS = NO;
				SWIFT_UPCOMING_FEATURE_MEMBER_IMPORT_VISIBILITY = YES;
				SWIFT_VERSION = 5.0;
				TARGETED_DEVICE_FAMILY = "1,2";
				TEST_TARGET_NAME = Unitrack;
			};
			name = Debug;
		};
		7D5A2AC22F29CA8900D7BEAD /* Release */ = {
			isa = XCBuildConfiguration;
			buildSettings = {
				CODE_SIGN_STYLE = Automatic;
				CURRENT_PROJECT_VERSION = 1;
				GENERATE_INFOPLIST_FILE = YES;
				MARKETING_VERSION = 1.0;
				PRODUCT_BUNDLE_IDENTIFIER = com.sylusabel.UnitrackUITests;
				PRODUCT_NAME = "$(TARGET_NAME)";
				STRING_CATALOG_GENERATE_SYMBOLS = NO;
				SWIFT_APPROACHABLE_CONCURRENCY = YES;
				SWIFT_EMIT_LOC_STRINGS = NO;
				SWIFT_UPCOMING_FEATURE_MEMBER_IMPORT_VISIBILITY = YES;
				SWIFT_VERSION = 5.0;
				TARGETED_DEVICE_FAMILY = "1,2";
				TEST_TARGET_NAME = Unitrack;
			};
			name = Release;
		};
/* End XCBuildConfiguration section */

/* Begin XCConfigurationList section */
		7D5A2A8F2F29CA8400D7BEAD /* Build configuration list for PBXProject "Unitrack" */ = {
			isa = XCConfigurationList;
			buildConfigurations = (
				7D5A2ABB2F29CA8900D7BEAD /* Debug */,
				7D5A2ABC2F29CA8900D7BEAD /* Release */,
			);
			defaultConfigurationIsVisible = 0;
			defaultConfigurationName = Release;
		};
		7D5A2AB82F29CA8900D7BEAD /* Build configuration list for PBXNativeTarget "Unitrack" */ = {
			isa = XCConfigurationList;
			buildConfigurations = (
				7D5A2AB92F29CA8900D7BEAD /* Debug */,
				7D5A2ABA2F29CA8900D7BEAD /* Release */,
			);
			defaultConfigurationIsVisible = 0;
			defaultConfigurationName = Release;
		};
		7D5A2ABD2F29CA8900D7BEAD /* Build configuration list for PBXNativeTarget "UnitrackTests" */ = {
			isa = XCConfigurationList;
			buildConfigurations = (
				7D5A2ABE2F29CA8900D7BEAD /* Debug */,
				7D5A2ABF2F29CA8900D7BEAD /* Release */,
			);
			defaultConfigurationIsVisible = 0;
			defaultConfigurationName = Release;
		};
		7D5A2AC02F29CA8900D7BEAD /* Build configuration list for PBXNativeTarget "UnitrackUITests" */ = {
			isa = XCConfigurationList;
			buildConfigurations = (
				7D5A2AC12F29CA8900D7BEAD /* Debug */,
				7D5A2AC22F29CA8900D7BEAD /* Release */,
			);
			defaultConfigurationIsVisible = 0;
			defaultConfigurationName = Release;
		};
/* End XCConfigurationList section */

/* Begin XCRemoteSwiftPackageReference section */
		7D200C6D2F3A69FA00C1D040 /* XCRemoteSwiftPackageReference "purchases-ios-spm" */ = {
			isa = XCRemoteSwiftPackageReference;
			repositoryURL = "https://github.com/RevenueCat/purchases-ios-spm.git";
			requirement = {
				kind = upToNextMajorVersion;
				minimumVersion = 5.58.0;
			};
		};
		7D86D77C2F3047EA00F7F553 /* XCRemoteSwiftPackageReference "rive-ios" */ = {
			isa = XCRemoteSwiftPackageReference;
			repositoryURL = "https://github.com/rive-app/rive-ios";
			requirement = {
				kind = exactVersion;
				version = 6.14.0;
			};
		};
		7D90E1802F3E91CF009A97B0 /* XCRemoteSwiftPackageReference "plaid-link-ios-spm" */ = {
			isa = XCRemoteSwiftPackageReference;
			repositoryURL = "https://github.com/plaid/plaid-link-ios-spm.git";
			requirement = {
				kind = upToNextMajorVersion;
				minimumVersion = 6.0.4;
			};
		};
		7DCF83DC2F3B152E00D532D5 /* XCRemoteSwiftPackageReference "generative-ai-swift" */ = {
			isa = XCRemoteSwiftPackageReference;
			repositoryURL = "https://github.com/google/generative-ai-swift";
			requirement = {
				kind = upToNextMajorVersion;
				minimumVersion = 0.5.6;
			};
		};
/* End XCRemoteSwiftPackageReference section */

/* Begin XCSwiftPackageProductDependency section */
		7D200C702F3A69FA00C1D040 /* RevenueCat */ = {
			isa = XCSwiftPackageProductDependency;
			package = 7D200C6D2F3A69FA00C1D040 /* XCRemoteSwiftPackageReference "purchases-ios-spm" */;
			productName = RevenueCat;
		};
		7D200C722F3A69FA00C1D040 /* RevenueCatUI */ = {
			isa = XCSwiftPackageProductDependency;
			package = 7D200C6D2F3A69FA00C1D040 /* XCRemoteSwiftPackageReference "purchases-ios-spm" */;
			productName = RevenueCatUI;
		};
		7D86D77D2F3047EA00F7F553 /* RiveRuntime */ = {
			isa = XCSwiftPackageProductDependency;
			package = 7D86D77C2F3047EA00F7F553 /* XCRemoteSwiftPackageReference "rive-ios" */;
			productName = RiveRuntime;
		};
		7D90E1812F3E91CF009A97B0 /* LinkKit */ = {
			isa = XCSwiftPackageProductDependency;
			package = 7D90E1802F3E91CF009A97B0 /* XCRemoteSwiftPackageReference "plaid-link-ios-spm" */;
			productName = LinkKit;
		};
		7DCF83DD2F3B152E00D532D5 /* GoogleGenerativeAI */ = {
			isa = XCSwiftPackageProductDependency;
			package = 7DCF83DC2F3B152E00D532D5 /* XCRemoteSwiftPackageReference "generative-ai-swift" */;
			productName = GoogleGenerativeAI;
		};
/* End XCSwiftPackageProductDependency section */
	};
	rootObject = 7D5A2A8C2F29CA8400D7BEAD /* Project object */;
}
