{
  "originHash" : "b1c7c963e9b8e0e3f1111be91fdcceee9ace99297c3bc3da15e0d8925e074591",
  "pins" : [
    {
      "identity" : "generative-ai-swift",
      "kind" : "remoteSourceControl",
      "location" : "https://github.com/google/generative-ai-swift",
      "state" : {
        "revision" : "44b8ce120425f9cf53ca756f3434ca2c2696f8bd",
        "version" : "0.5.6"
      }
    },
    {
      "identity" : "plaid-link-ios-spm",
      "kind" : "remoteSourceControl",
      "location" : "https://github.com/plaid/plaid-link-ios-spm.git",
      "state" : {
        "revision" : "b46936fce5389fde43b5ebadeb64849451612ae8",
        "version" : "6.4.3"
      }
    },
    {
      "identity" : "purchases-ios-spm",
      "kind" : "remoteSourceControl",
      "location" : "https://github.com/RevenueCat/purchases-ios-spm.git",
      "state" : {
        "revision" : "8f5df97653eb361a2097119479332afccf0aa816",
        "version" : "5.58.0"
      }
    },
    {
      "identity" : "rive-ios",
      "kind" : "remoteSourceControl",
      "location" : "https://github.com/rive-app/rive-ios",
      "state" : {
        "revision" : "aee5815cf0e7ed72c9e2087e7d867d806add9d6b",
        "version" : "6.14.0"
      }
    }
  ],
  "version" : 3
}
